
Microsoft Visual Studio Solution File, Format Version 12.00
# Visual Studio Version 16
VisualStudioVersion = 16.0.29509.3
MinimumVisualStudioVersion = 10.0.40219.1
Project("{FAE04EC0-301F-11D3-BF4B-00C04F79EFBC}") = "OVDPInfo", "OVDPInfo.csproj", "{3EC02389-5D67-49E9-9E23-507E4A064D73}"
EndProject
Global
	GlobalSection(SolutionConfigurationPlatforms) = preSolution
		Debug|Any CPU = Debug|Any CPU
		Release|Any CPU = Release|Any CPU
	EndGlobalSection
	GlobalSection(ProjectConfigurationPlatforms) = postSolution
		{3EC02389-5D67-49E9-9E23-507E4A064D73}.Debug|Any CPU.ActiveCfg = Debug|Any CPU
		{3EC02389-5D67-49E9-9E23-507E4A064D73}.Debug|Any CPU.Build.0 = Debug|Any CPU
		{3EC02389-5D67-49E9-9E23-507E4A064D73}.Release|Any CPU.ActiveCfg = Release|Any CPU
		{3EC02389-5D67-49E9-9E23-507E4A064D73}.Release|Any CPU.Build.0 = Release|Any CPU
	EndGlobalSection
	GlobalSection(SolutionProperties) = preSolution
		HideSolutionNode = FALSE
	EndGlobalSection
	GlobalSection(ExtensibilityGlobals) = postSolution
		SolutionGuid = {4B01B07D-68BE-4D5F-A184-FEDA86E0FA9C}
	EndGlobalSection
EndGlobal
